
Microsoft Visual Studio Solution File, Format Version 12.00
# Visual Studio Version 17
VisualStudioVersion = 17.2.32526.322
MinimumVisualStudioVersion = 10.0.40219.1
Project("{8BC9CEB8-8B4A-11D0-8D11-00A0C91BC942}") = "footballClub", "footballClub\footballClub.vcxproj", "{74992E09-63C5-436D-ADA4-2482E742E169}"
EndProject
Project("{8BC9CEB8-8B4A-11D0-8D11-00A0C91BC942}") = "UnitTest1", "UnitTest1\UnitTest1.vcxproj", "{3D69A996-9F97-4073-8CA6-3776379BD1FC}"
EndProject
Global
	GlobalSection(SolutionConfigurationPlatforms) = preSolution
		Debug|x64 = Debug|x64
		Debug|x86 = Debug|x86
		Release|x64 = Release|x64
		Release|x86 = Release|x86
	EndGlobalSection
	GlobalSection(ProjectConfigurationPlatforms) = postSolution
		{74992E09-63C5-436D-ADA4-2482E742E169}.Debug|x64.ActiveCfg = Debug|x64
		{74992E09-63C5-436D-ADA4-2482E742E169}.Debug|x64.Build.0 = Debug|x64
		{74992E09-63C5-436D-ADA4-2482E742E169}.Debug|x86.ActiveCfg = Debug|Win32
		{74992E09-63C5-436D-ADA4-2482E742E169}.Debug|x86.Build.0 = Debug|Win32
		{74992E09-63C5-436D-ADA4-2482E742E169}.Release|x64.ActiveCfg = Release|x64
		{74992E09-63C5-436D-ADA4-2482E742E169}.Release|x64.Build.0 = Release|x64
		{74992E09-63C5-436D-ADA4-2482E742E169}.Release|x86.ActiveCfg = Release|Win32
		{74992E09-63C5-436D-ADA4-2482E742E169}.Release|x86.Build.0 = Release|Win32
		{3D69A996-9F97-4073-8CA6-3776379BD1FC}.Debug|x64.ActiveCfg = Debug|x64
		{3D69A996-9F97-4073-8CA6-3776379BD1FC}.Debug|x64.Build.0 = Debug|x64
		{3D69A996-9F97-4073-8CA6-3776379BD1FC}.Debug|x86.ActiveCfg = Debug|Win32
		{3D69A996-9F97-4073-8CA6-3776379BD1FC}.Debug|x86.Build.0 = Debug|Win32
		{3D69A996-9F97-4073-8CA6-3776379BD1FC}.Release|x64.ActiveCfg = Release|x64
		{3D69A996-9F97-4073-8CA6-3776379BD1FC}.Release|x64.Build.0 = Release|x64
		{3D69A996-9F97-4073-8CA6-3776379BD1FC}.Release|x86.ActiveCfg = Release|Win32
		{3D69A996-9F97-4073-8CA6-3776379BD1FC}.Release|x86.Build.0 = Release|Win32
	EndGlobalSection
	GlobalSection(SolutionProperties) = preSolution
		HideSolutionNode = FALSE
	EndGlobalSection
	GlobalSection(ExtensibilityGlobals) = postSolution
		SolutionGuid = {D6143276-B438-4BC8-A32C-7D7BE171EAB8}
	EndGlobalSection
EndGlobal
